// !$*UTF8*$!
{
	archiveVersion = 1;
	classes = {
	};
	objectVersion = 56;
	objects = {

/* Begin PBXBuildFile section */
		A17789542A59A40300367E37 /* MovieReminderApp.swift in Sources */ = {isa = PBXBuildFile; fileRef = A17789532A59A40300367E37 /* MovieReminderApp.swift */; };
		A17789562A59A40300367E37 /* ContentView.swift in Sources */ = {isa = PBXBuildFile; fileRef = A17789552A59A40300367E37 /* ContentView.swift */; };
		A17789582A59A40300367E37 /* Assets.xcassets in Resources */ = {isa = PBXBuildFile; fileRef = A17789572A59A40300367E37 /* Assets.xcassets */; };
		A177895B2A59A40300367E37 /* Preview Assets.xcassets in Resources */ = {isa = PBXBuildFile; fileRef = A177895A2A59A40300367E37 /* Preview Assets.xcassets */; };
		A1B6B8BB2A5BCB5F003E9FAC /* MovieCard.swift in Sources */ = {isa = PBXBuildFile; fileRef = A1B6B8BA2A5BCB5F003E9FAC /* MovieCard.swift */; };
		A1B6B8BD2A5BED46003E9FAC /* MovieDetail.swift in Sources */ = {isa = PBXBuildFile; fileRef = A1B6B8BC2A5BED46003E9FAC /* MovieDetail.swift */; };
		A1CE37CA2A5A9140008D7F83 /* Movie.swift in Sources */ = {isa = PBXBuildFile; fileRef = A1CE37C92A5A9140008D7F83 /* Movie.swift */; };
		A1CE37CC2A5A93A0008D7F83 /* ModelData.swift in Sources */ = {isa = PBXBuildFile; fileRef = A1CE37CB2A5A93A0008D7F83 /* ModelData.swift */; };
		A1E827C72A5D291800D44AF4 /* ReminderModal.swift in Sources */ = {isa = PBXBuildFile; fileRef = A1E827C62A5D291800D44AF4 /* ReminderModal.swift */; };
		A1FC5BF92A5EE69500A2625B /* Genre.swift in Sources */ = {isa = PBXBuildFile; fileRef = A1FC5BF82A5EE69500A2625B /* Genre.swift */; };
/* End PBXBuildFile section */

/* Begin PBXFileReference section */
		A17789502A59A40300367E37 /* MovieReminder.app */ = {isa = PBXFileReference; explicitFileType = wrapper.application; includeInIndex = 0; path = MovieReminder.app; sourceTree = BUILT_PRODUCTS_DIR; };
		A17789532A59A40300367E37 /* MovieReminderApp.swift */ = {isa = PBXFileReference; lastKnownFileType = sourcecode.swift; path = MovieReminderApp.swift; sourceTree = "<group>"; };
		A17789552A59A40300367E37 /* ContentView.swift */ = {isa = PBXFileReference; lastKnownFileType = sourcecode.swift; path = ContentView.swift; sourceTree = "<group>"; };
		A17789572A59A40300367E37 /* Assets.xcassets */ = {isa = PBXFileReference; lastKnownFileType = folder.assetcatalog; path = Assets.xcassets; sourceTree = "<group>"; };
		A177895A2A59A40300367E37 /* Preview Assets.xcassets */ = {isa = PBXFileReference; lastKnownFileType = folder.assetcatalog; path = "Preview Assets.xcassets"; sourceTree = "<group>"; };
		A1B6B8BA2A5BCB5F003E9FAC /* MovieCard.swift */ = {isa = PBXFileReference; lastKnownFileType = sourcecode.swift; path = MovieCard.swift; sourceTree = "<group>"; };
		A1B6B8BC2A5BED46003E9FAC /* MovieDetail.swift */ = {isa = PBXFileReference; lastKnownFileType = sourcecode.swift; path = MovieDetail.swift; sourceTree = "<group>"; };
		A1CE37C92A5A9140008D7F83 /* Movie.swift */ = {isa = PBXFileReference; lastKnownFileType = sourcecode.swift; path = Movie.swift; sourceTree = "<group>"; };
		A1CE37CB2A5A93A0008D7F83 /* ModelData.swift */ = {isa = PBXFileReference; lastKnownFileType = sourcecode.swift; path = ModelData.swift; sourceTree = "<group>"; };
		A1E827C62A5D291800D44AF4 /* ReminderModal.swift */ = {isa = PBXFileReference; lastKnownFileType = sourcecode.swift; path = ReminderModal.swift; sourceTree = "<group>"; };
		A1FC5BF82A5EE69500A2625B /* Genre.swift */ = {isa = PBXFileReference; lastKnownFileType = sourcecode.swift; path = Genre.swift; sourceTree = "<group>"; };
/* End PBXFileReference section */

/* Begin PBXFrameworksBuildPhase section */
		A177894D2A59A40300367E37 /* Frameworks */ = {
			isa = PBXFrameworksBuildPhase;
			buildActionMask = 2147483647;
			files = (
			);
			runOnlyForDeploymentPostprocessing = 0;
		};
/* End PBXFrameworksBuildPhase section */

/* Begin PBXGroup section */
		A17789472A59A40300367E37 = {
			isa = PBXGroup;
			children = (
				A17789522A59A40300367E37 /* MovieReminder */,
				A17789512A59A40300367E37 /* Products */,
			);
			sourceTree = "<group>";
		};
		A17789512A59A40300367E37 /* Products */ = {
			isa = PBXGroup;
			children = (
				A17789502A59A40300367E37 /* MovieReminder.app */,
			);
			name = Products;
			sourceTree = "<group>";
		};
		A17789522A59A40300367E37 /* MovieReminder */ = {
			isa = PBXGroup;
			children = (
				A1B6B8BA2A5BCB5F003E9FAC /* MovieCard.swift */,
				A17789532A59A40300367E37 /* MovieReminderApp.swift */,
				A1B6B8BC2A5BED46003E9FAC /* MovieDetail.swift */,
				A1E827C62A5D291800D44AF4 /* ReminderModal.swift */,
				A17789552A59A40300367E37 /* ContentView.swift */,
				A1CE37CB2A5A93A0008D7F83 /* ModelData.swift */,
				A1CE37C92A5A9140008D7F83 /* Movie.swift */,
				A17789572A59A40300367E37 /* Assets.xcassets */,
				A17789592A59A40300367E37 /* Preview Content */,
				A1FC5BF82A5EE69500A2625B /* Genre.swift */,
			);
			path = MovieReminder;
			sourceTree = "<group>";
		};
		A17789592A59A40300367E37 /* Preview Content */ = {
			isa = PBXGroup;
			children = (
				A177895A2A59A40300367E37 /* Preview Assets.xcassets */,
			);
			path = "Preview Content";
			sourceTree = "<group>";
		};
/* End PBXGroup section */

/* Begin PBXNativeTarget section */
		A177894F2A59A40300367E37 /* MovieReminder */ = {
			isa = PBXNativeTarget;
			buildConfigurationList = A177895E2A59A40300367E37 /* Build configuration list for PBXNativeTarget "MovieReminder" */;
			buildPhases = (
				A177894C2A59A40300367E37 /* Sources */,
				A177894D2A59A40300367E37 /* Frameworks */,
				A177894E2A59A40300367E37 /* Resources */,
			);
			buildRules = (
			);
			dependencies = (
			);
			name = MovieReminder;
			productName = MovieReminder;
			productReference = A17789502A59A40300367E37 /* MovieReminder.app */;
			productType = "com.apple.product-type.application";
		};
/* End PBXNativeTarget section */

/* Begin PBXProject section */
		A17789482A59A40300367E37 /* Project object */ = {
			isa = PBXProject;
			attributes = {
				BuildIndependentTargetsInParallel = 1;
				LastSwiftUpdateCheck = 1430;
				LastUpgradeCheck = 1430;
				TargetAttributes = {
					A177894F2A59A40300367E37 = {
						CreatedOnToolsVersion = 14.3.1;
					};
				};
			};
			buildConfigurationList = A177894B2A59A40300367E37 /* Build configuration list for PBXProject "MovieReminder" */;
			compatibilityVersion = "Xcode 14.0";
			developmentRegion = en;
			hasScannedForEncodings = 0;
			knownRegions = (
				en,
				Base,
			);
			mainGroup = A17789472A59A40300367E37;
			productRefGroup = A17789512A59A40300367E37 /* Products */;
			projectDirPath = "";
			projectRoot = "";
			targets = (
				A177894F2A59A40300367E37 /* MovieReminder */,
			);
		};
/* End PBXProject section */

/* Begin PBXResourcesBuildPhase section */
		A177894E2A59A40300367E37 /* Resources */ = {
			isa = PBXResourcesBuildPhase;
			buildActionMask = 2147483647;
			files = (
				A177895B2A59A40300367E37 /* Preview Assets.xcassets in Resources */,
				A17789582A59A40300367E37 /* Assets.xcassets in Resources */,
			);
			runOnlyForDeploymentPostprocessing = 0;
		};
/* End PBXResourcesBuildPhase section */

/* Begin PBXSourcesBuildPhase section */
		A177894C2A59A40300367E37 /* Sources */ = {
			isa = PBXSourcesBuildPhase;
			buildActionMask = 2147483647;
			files = (
				A17789562A59A40300367E37 /* ContentView.swift in Sources */,
				A17789542A59A40300367E37 /* MovieReminderApp.swift in Sources */,
				A1B6B8BD2A5BED46003E9FAC /* MovieDetail.swift in Sources */,
				A1B6B8BB2A5BCB5F003E9FAC /* MovieCard.swift in Sources */,
				A1CE37CC2A5A93A0008D7F83 /* ModelData.swift in Sources */,
				A1E827C72A5D291800D44AF4 /* ReminderModal.swift in Sources */,
				A1CE37CA2A5A9140008D7F83 /* Movie.swift in Sources */,
				A1FC5BF92A5EE69500A2625B /* Genre.swift in Sources */,
			);
			runOnlyForDeploymentPostprocessing = 0;
		};
/* End PBXSourcesBuildPhase section */

/* Begin XCBuildConfiguration section */
		A177895C2A59A40300367E37 /* Debug */ = {
			isa = XCBuildConfiguration;
			buildSettings = {
				ALWAYS_SEARCH_USER_PATHS = NO;
				CLANG_ANALYZER_NONNULL = YES;
				CLANG_ANALYZER_NUMBER_OBJECT_CONVERSION = YES_AGGRESSIVE;
				CLANG_CXX_LANGUAGE_STANDARD = "gnu++20";
				CLANG_ENABLE_MODULES = YES;
				CLANG_ENABLE_OBJC_ARC = YES;
				CLANG_ENABLE_OBJC_WEAK = YES;
				CLANG_WARN_BLOCK_CAPTURE_AUTORELEASING = YES;
				CLANG_WARN_BOOL_CONVERSION = YES;
				CLANG_WARN_COMMA = YES;
				CLANG_WARN_CONSTANT_CONVERSION = YES;
				CLANG_WARN_DEPRECATED_OBJC_IMPLEMENTATIONS = YES;
				CLANG_WARN_DIRECT_OBJC_ISA_USAGE = YES_ERROR;
				CLANG_WARN_DOCUMENTATION_COMMENTS = YES;
				CLANG_WARN_EMPTY_BODY = YES;
				CLANG_WARN_ENUM_CONVERSION = YES;
				CLANG_WARN_INFINITE_RECURSION = YES;
				CLANG_WARN_INT_CONVERSION = YES;
				CLANG_WARN_NON_LITERAL_NULL_CONVERSION = YES;
				CLANG_WARN_OBJC_IMPLICIT_RETAIN_SELF = YES;
				CLANG_WARN_OBJC_LITERAL_CONVERSION = YES;
				CLANG_WARN_OBJC_ROOT_CLASS = YES_ERROR;
				CLANG_WARN_QUOTED_INCLUDE_IN_FRAMEWORK_HEADER = YES;
				CLANG_WARN_RANGE_LOOP_ANALYSIS = YES;
				CLANG_WARN_STRICT_PROTOTYPES = YES;
				CLANG_WARN_SUSPICIOUS_MOVE = YES;
				CLANG_WARN_UNGUARDED_AVAILABILITY = YES_AGGRESSIVE;
				CLANG_WARN_UNREACHABLE_CODE = YES;
				CLANG_WARN__DUPLICATE_METHOD_MATCH = YES;
				COPY_PHASE_STRIP = NO;
				DEBUG_INFORMATION_FORMAT = dwarf;
				ENABLE_STRICT_OBJC_MSGSEND = YES;
				ENABLE_TESTABILITY = YES;
				GCC_C_LANGUAGE_STANDARD = gnu11;
				GCC_DYNAMIC_NO_PIC = NO;
				GCC_NO_COMMON_BLOCKS = YES;
				GCC_OPTIMIZATION_LEVEL = 0;
				GCC_PREPROCESSOR_DEFINITIONS = (
					"DEBUG=1",
					"$(inherited)",
				);
				GCC_WARN_64_TO_32_BIT_CONVERSION = YES;
				GCC_WARN_ABOUT_RETURN_TYPE = YES_ERROR;
				GCC_WARN_UNDECLARED_SELECTOR = YES;
				GCC_WARN_UNINITIALIZED_AUTOS = YES_AGGRESSIVE;
				GCC_WARN_UNUSED_FUNCTION = YES;
				GCC_WARN_UNUSED_VARIABLE = YES;
				IPHONEOS_DEPLOYMENT_TARGET = 16.4;
				MTL_ENABLE_DEBUG_INFO = INCLUDE_SOURCE;
				MTL_FAST_MATH = YES;
				ONLY_ACTIVE_ARCH = YES;
				SDKROOT = iphoneos;
				SWIFT_ACTIVE_COMPILATION_CONDITIONS = DEBUG;
				SWIFT_OPTIMIZATION_LEVEL = "-Onone";
			};
			name = Debug;
		};
		A177895D2A59A40300367E37 /* Release */ = {
			isa = XCBuildConfiguration;
			buildSettings = {
				ALWAYS_SEARCH_USER_PATHS = NO;
				CLANG_ANALYZER_NONNULL = YES;
				CLANG_ANALYZER_NUMBER_OBJECT_CONVERSION = YES_AGGRESSIVE;
				CLANG_CXX_LANGUAGE_STANDARD = "gnu++20";
				CLANG_ENABLE_MODULES = YES;
				CLANG_ENABLE_OBJC_ARC = YES;
				CLANG_ENABLE_OBJC_WEAK = YES;
				CLANG_WARN_BLOCK_CAPTURE_AUTORELEASING = YES;
				CLANG_WARN_BOOL_CONVERSION = YES;
				CLANG_WARN_COMMA = YES;
				CLANG_WARN_CONSTANT_CONVERSION = YES;
				CLANG_WARN_DEPRECATED_OBJC_IMPLEMENTATIONS = YES;
				CLANG_WARN_DIRECT_OBJC_ISA_USAGE = YES_ERROR;
				CLANG_WARN_DOCUMENTATION_COMMENTS = YES;
				CLANG_WARN_EMPTY_BODY = YES;
				CLANG_WARN_ENUM_CONVERSION = YES;
				CLANG_WARN_INFINITE_RECURSION = YES;
				CLANG_WARN_INT_CONVERSION = YES;
				CLANG_WARN_NON_LITERAL_NULL_CONVERSION = YES;
				CLANG_WARN_OBJC_IMPLICIT_RETAIN_SELF = YES;
				CLANG_WARN_OBJC_LITERAL_CONVERSION = YES;
				CLANG_WARN_OBJC_ROOT_CLASS = YES_ERROR;
				CLANG_WARN_QUOTED_INCLUDE_IN_FRAMEWORK_HEADER = YES;
				CLANG_WARN_RANGE_LOOP_ANALYSIS = YES;
				CLANG_WARN_STRICT_PROTOTYPES = YES;
				CLANG_WARN_SUSPICIOUS_MOVE = YES;
				CLANG_WARN_UNGUARDED_AVAILABILITY = YES_AGGRESSIVE;
				CLANG_WARN_UNREACHABLE_CODE = YES;
				CLANG_WARN__DUPLICATE_METHOD_MATCH = YES;
				COPY_PHASE_STRIP = NO;
				DEBUG_INFORMATION_FORMAT = "dwarf-with-dsym";
				ENABLE_NS_ASSERTIONS = NO;
				ENABLE_STRICT_OBJC_MSGSEND = YES;
				GCC_C_LANGUAGE_STANDARD = gnu11;
				GCC_NO_COMMON_BLOCKS = YES;
				GCC_WARN_64_TO_32_BIT_CONVERSION = YES;
				GCC_WARN_ABOUT_RETURN_TYPE = YES_ERROR;
				GCC_WARN_UNDECLARED_SELECTOR = YES;
				GCC_WARN_UNINITIALIZED_AUTOS = YES_AGGRESSIVE;
				GCC_WARN_UNUSED_FUNCTION = YES;
				GCC_WARN_UNUSED_VARIABLE = YES;
				IPHONEOS_DEPLOYMENT_TARGET = 16.4;
				MTL_ENABLE_DEBUG_INFO = NO;
				MTL_FAST_MATH = YES;
				SDKROOT = iphoneos;
				SWIFT_COMPILATION_MODE = wholemodule;
				SWIFT_OPTIMIZATION_LEVEL = "-O";
				VALIDATE_PRODUCT = YES;
			};
			name = Release;
		};
		A177895F2A59A40300367E37 /* Debug */ = {
			isa = XCBuildConfiguration;
			buildSettings = {
				ASSETCATALOG_COMPILER_APPICON_NAME = AppIcon;
				ASSETCATALOG_COMPILER_GLOBAL_ACCENT_COLOR_NAME = AccentColor;
				CODE_SIGN_STYLE = Automatic;
				CURRENT_PROJECT_VERSION = 1;
				DEVELOPMENT_ASSET_PATHS = "\"MovieReminder/Preview Content\"";
				DEVELOPMENT_TEAM = 6928ZBK577;
				ENABLE_PREVIEWS = YES;
				GENERATE_INFOPLIST_FILE = YES;
				INFOPLIST_KEY_UIApplicationSceneManifest_Generation = YES;
				INFOPLIST_KEY_UIApplicationSupportsIndirectInputEvents = YES;
				INFOPLIST_KEY_UILaunchScreen_Generation = YES;
				INFOPLIST_KEY_UISupportedInterfaceOrientations_iPad = "UIInterfaceOrientationPortrait UIInterfaceOrientationPortraitUpsideDown UIInterfaceOrientationLandscapeLeft UIInterfaceOrientationLandscapeRight";
				INFOPLIST_KEY_UISupportedInterfaceOrientations_iPhone = "UIInterfaceOrientationPortrait UIInterfaceOrientationLandscapeLeft UIInterfaceOrientationLandscapeRight";
				LD_RUNPATH_SEARCH_PATHS = (
					"$(inherited)",
					"@executable_path/Frameworks",
				);
				MARKETING_VERSION = 1.0;
				PRODUCT_BUNDLE_IDENTIFIER = com.example..MovieReminder;
				PRODUCT_NAME = "$(TARGET_NAME)";
				SWIFT_EMIT_LOC_STRINGS = YES;
				SWIFT_VERSION = 5.0;
				TARGETED_DEVICE_FAMILY = "1,2";
			};
			name = Debug;
		};
		A17789602A59A40300367E37 /* Release */ = {
			isa = XCBuildConfiguration;
			buildSettings = {
				ASSETCATALOG_COMPILER_APPICON_NAME = AppIcon;
				ASSETCATALOG_COMPILER_GLOBAL_ACCENT_COLOR_NAME = AccentColor;
				CODE_SIGN_STYLE = Automatic;
				CURRENT_PROJECT_VERSION = 1;
				DEVELOPMENT_ASSET_PATHS = "\"MovieReminder/Preview Content\"";
				DEVELOPMENT_TEAM = 6928ZBK577;
				ENABLE_PREVIEWS = YES;
				GENERATE_INFOPLIST_FILE = YES;
				INFOPLIST_KEY_UIApplicationSceneManifest_Generation = YES;
				INFOPLIST_KEY_UIApplicationSupportsIndirectInputEvents = YES;
				INFOPLIST_KEY_UILaunchScreen_Generation = YES;
				INFOPLIST_KEY_UISupportedInterfaceOrientations_iPad = "UIInterfaceOrientationPortrait UIInterfaceOrientationPortraitUpsideDown UIInterfaceOrientationLandscapeLeft UIInterfaceOrientationLandscapeRight";
				INFOPLIST_KEY_UISupportedInterfaceOrientations_iPhone = "UIInterfaceOrientationPortrait UIInterfaceOrientationLandscapeLeft UIInterfaceOrientationLandscapeRight";
				LD_RUNPATH_SEARCH_PATHS = (
					"$(inherited)",
					"@executable_path/Frameworks",
				);
				MARKETING_VERSION = 1.0;
				PRODUCT_BUNDLE_IDENTIFIER = com.example..MovieReminder;
				PRODUCT_NAME = "$(TARGET_NAME)";
				SWIFT_EMIT_LOC_STRINGS = YES;
				SWIFT_VERSION = 5.0;
				TARGETED_DEVICE_FAMILY = "1,2";
			};
			name = Release;
		};
/* End XCBuildConfiguration section */

/* Begin XCConfigurationList section */
		A177894B2A59A40300367E37 /* Build configuration list for PBXProject "MovieReminder" */ = {
			isa = XCConfigurationList;
			buildConfigurations = (
				A177895C2A59A40300367E37 /* Debug */,
				A177895D2A59A40300367E37 /* Release */,
			);
			defaultConfigurationIsVisible = 0;
			defaultConfigurationName = Release;
		};
		A177895E2A59A40300367E37 /* Build configuration list for PBXNativeTarget "MovieReminder" */ = {
			isa = XCConfigurationList;
			buildConfigurations = (
				A177895F2A59A40300367E37 /* Debug */,
				A17789602A59A40300367E37 /* Release */,
			);
			defaultConfigurationIsVisible = 0;
			defaultConfigurationName = Release;
		};
/* End XCConfigurationList section */
	};
	rootObject = A17789482A59A40300367E37 /* Project object */;
}
